
Microsoft Visual Studio Solution File, Format Version 12.00
# Visual Studio Version 16
VisualStudioVersion = 16.0.29215.179
MinimumVisualStudioVersion = 10.0.40219.1
Project("{FAE04EC0-301F-11D3-BF4B-00C04F79EFBC}") = "Bogosort", "Bogosort.csproj", "{B1992526-24BD-43EC-B359-FFD8920F3209}"
EndProject
Global
	GlobalSection(SolutionConfigurationPlatforms) = preSolution
		Debug|Any CPU = Debug|Any CPU
		Release|Any CPU = Release|Any CPU
	EndGlobalSection
	GlobalSection(ProjectConfigurationPlatforms) = postSolution
		{B1992526-24BD-43EC-B359-FFD8920F3209}.Debug|Any CPU.ActiveCfg = Debug|Any CPU
		{B1992526-24BD-43EC-B359-FFD8920F3209}.Debug|Any CPU.Build.0 = Debug|Any CPU
		{B1992526-24BD-43EC-B359-FFD8920F3209}.Release|Any CPU.ActiveCfg = Release|Any CPU
		{B1992526-24BD-43EC-B359-FFD8920F3209}.Release|Any CPU.Build.0 = Release|Any CPU
	EndGlobalSection
	GlobalSection(SolutionProperties) = preSolution
		HideSolutionNode = FALSE
	EndGlobalSection
	GlobalSection(ExtensibilityGlobals) = postSolution
		SolutionGuid = {CF12DC54-1B23-4E9F-8215-A0AAC2300356}
	EndGlobalSection
EndGlobal
